
Microsoft Visual Studio Solution File, Format Version 12.00
# Visual Studio Version 16
VisualStudioVersion = 16.0.33328.57
MinimumVisualStudioVersion = 10.0.40219.1
Project("{FAE04EC0-301F-11D3-BF4B-00C04F79EFBC}") = "IfElse", "IfElse\IfElse.csproj", "{49FDCBD3-14DA-46B0-B406-6677354922F3}"
EndProject
Project("{FAE04EC0-301F-11D3-BF4B-00C04F79EFBC}") = "ex2", "ex2\ex2.csproj", "{9CC3D5FA-D1B4-4401-8B6D-BA24CC722F89}"
EndProject
Project("{FAE04EC0-301F-11D3-BF4B-00C04F79EFBC}") = "IfIf", "IfIf\IfIf.csproj", "{30DEFA80-D7B7-4715-963B-038DA971DDFB}"
EndProject
Project("{FAE04EC0-301F-11D3-BF4B-00C04F79EFBC}") = "ex3", "ex3\ex3.csproj", "{63A46E56-D3C7-4F7F-9692-A36603ACCB64}"
EndProject
Project("{FAE04EC0-301F-11D3-BF4B-00C04F79EFBC}") = "ex4", "ex4\ex4.csproj", "{7758DA35-D48C-4D2F-9062-169D340EB6A3}"
EndProject
Project("{FAE04EC0-301F-11D3-BF4B-00C04F79EFBC}") = "ex5", "ex5\ex5.csproj", "{1C3EF0F2-9A31-4996-94DC-6109545769AE}"
EndProject
Project("{FAE04EC0-301F-11D3-BF4B-00C04F79EFBC}") = "ex6", "ex6\ex6.csproj", "{9278A3BE-E4DD-433A-B4BD-B3F7DCC3A7E5}"
EndProject
Global
	GlobalSection(SolutionConfigurationPlatforms) = preSolution
		Debug|Any CPU = Debug|Any CPU
		Release|Any CPU = Release|Any CPU
	EndGlobalSection
	GlobalSection(ProjectConfigurationPlatforms) = postSolution
		{49FDCBD3-14DA-46B0-B406-6677354922F3}.Debug|Any CPU.ActiveCfg = Debug|Any CPU
		{49FDCBD3-14DA-46B0-B406-6677354922F3}.Debug|Any CPU.Build.0 = Debug|Any CPU
		{49FDCBD3-14DA-46B0-B406-6677354922F3}.Release|Any CPU.ActiveCfg = Release|Any CPU
		{49FDCBD3-14DA-46B0-B406-6677354922F3}.Release|Any CPU.Build.0 = Release|Any CPU
		{9CC3D5FA-D1B4-4401-8B6D-BA24CC722F89}.Debug|Any CPU.ActiveCfg = Debug|Any CPU
		{9CC3D5FA-D1B4-4401-8B6D-BA24CC722F89}.Debug|Any CPU.Build.0 = Debug|Any CPU
		{9CC3D5FA-D1B4-4401-8B6D-BA24CC722F89}.Release|Any CPU.ActiveCfg = Release|Any CPU
		{9CC3D5FA-D1B4-4401-8B6D-BA24CC722F89}.Release|Any CPU.Build.0 = Release|Any CPU
		{30DEFA80-D7B7-4715-963B-038DA971DDFB}.Debug|Any CPU.ActiveCfg = Debug|Any CPU
		{30DEFA80-D7B7-4715-963B-038DA971DDFB}.Debug|Any CPU.Build.0 = Debug|Any CPU
		{30DEFA80-D7B7-4715-963B-038DA971DDFB}.Release|Any CPU.ActiveCfg = Release|Any CPU
		{30DEFA80-D7B7-4715-963B-038DA971DDFB}.Release|Any CPU.Build.0 = Release|Any CPU
		{63A46E56-D3C7-4F7F-9692-A36603ACCB64}.Debug|Any CPU.ActiveCfg = Debug|Any CPU
		{63A46E56-D3C7-4F7F-9692-A36603ACCB64}.Debug|Any CPU.Build.0 = Debug|Any CPU
		{63A46E56-D3C7-4F7F-9692-A36603ACCB64}.Release|Any CPU.ActiveCfg = Release|Any CPU
		{63A46E56-D3C7-4F7F-9692-A36603ACCB64}.Release|Any CPU.Build.0 = Release|Any CPU
		{7758DA35-D48C-4D2F-9062-169D340EB6A3}.Debug|Any CPU.ActiveCfg = Debug|Any CPU
		{7758DA35-D48C-4D2F-9062-169D340EB6A3}.Debug|Any CPU.Build.0 = Debug|Any CPU
		{7758DA35-D48C-4D2F-9062-169D340EB6A3}.Release|Any CPU.ActiveCfg = Release|Any CPU
		{7758DA35-D48C-4D2F-9062-169D340EB6A3}.Release|Any CPU.Build.0 = Release|Any CPU
		{1C3EF0F2-9A31-4996-94DC-6109545769AE}.Debug|Any CPU.ActiveCfg = Debug|Any CPU
		{1C3EF0F2-9A31-4996-94DC-6109545769AE}.Debug|Any CPU.Build.0 = Debug|Any CPU
		{1C3EF0F2-9A31-4996-94DC-6109545769AE}.Release|Any CPU.ActiveCfg = Release|Any CPU
		{1C3EF0F2-9A31-4996-94DC-6109545769AE}.Release|Any CPU.Build.0 = Release|Any CPU
		{9278A3BE-E4DD-433A-B4BD-B3F7DCC3A7E5}.Debug|Any CPU.ActiveCfg = Debug|Any CPU
		{9278A3BE-E4DD-433A-B4BD-B3F7DCC3A7E5}.Debug|Any CPU.Build.0 = Debug|Any CPU
		{9278A3BE-E4DD-433A-B4BD-B3F7DCC3A7E5}.Release|Any CPU.ActiveCfg = Release|Any CPU
		{9278A3BE-E4DD-433A-B4BD-B3F7DCC3A7E5}.Release|Any CPU.Build.0 = Release|Any CPU
	EndGlobalSection
	GlobalSection(SolutionProperties) = preSolution
		HideSolutionNode = FALSE
	EndGlobalSection
	GlobalSection(ExtensibilityGlobals) = postSolution
		SolutionGuid = {4B2BCF5B-7C97-49AC-8DF8-1173BA280132}
	EndGlobalSection
EndGlobal
