
Microsoft Visual Studio Solution File, Format Version 12.00
# Visual Studio Version 16
VisualStudioVersion = 16.0.33328.57
MinimumVisualStudioVersion = 10.0.40219.1
Project("{FAE04EC0-301F-11D3-BF4B-00C04F79EFBC}") = "IfElse", "IfElse\IfElse.csproj", "{49FDCBD3-14DA-46B0-B406-6677354922F3}"
EndProject
Project("{FAE04EC0-301F-11D3-BF4B-00C04F79EFBC}") = "p151_ex2", "ex2\p151_ex2.csproj", "{9CC3D5FA-D1B4-4401-8B6D-BA24CC722F89}"
EndProject
Project("{FAE04EC0-301F-11D3-BF4B-00C04F79EFBC}") = "IfIf", "IfIf\IfIf.csproj", "{30DEFA80-D7B7-4715-963B-038DA971DDFB}"
EndProject
Project("{FAE04EC0-301F-11D3-BF4B-00C04F79EFBC}") = "p151_ex3", "ex3\p151_ex3.csproj", "{63A46E56-D3C7-4F7F-9692-A36603ACCB64}"
EndProject
Project("{FAE04EC0-301F-11D3-BF4B-00C04F79EFBC}") = "p151_ex4", "ex4\p151_ex4.csproj", "{7758DA35-D48C-4D2F-9062-169D340EB6A3}"
EndProject
Project("{FAE04EC0-301F-11D3-BF4B-00C04F79EFBC}") = "p151_ex5", "ex5\p151_ex5.csproj", "{1C3EF0F2-9A31-4996-94DC-6109545769AE}"
EndProject
Project("{FAE04EC0-301F-11D3-BF4B-00C04F79EFBC}") = "p151_ex6", "ex6\p151_ex6.csproj", "{9278A3BE-E4DD-433A-B4BD-B3F7DCC3A7E5}"
EndProject
Project("{FAE04EC0-301F-11D3-BF4B-00C04F79EFBC}") = "Switch", "Switch\Switch.csproj", "{A08B63A4-FC81-4357-BA38-CD78EC55240C}"
EndProject
Project("{FAE04EC0-301F-11D3-BF4B-00C04F79EFBC}") = "SwitchExp", "SwitchExp\SwitchExp.csproj", "{FF60D529-E836-48CF-A176-E6A22D63FA4D}"
EndProject
Project("{FAE04EC0-301F-11D3-BF4B-00C04F79EFBC}") = "p161_ex2", "161_ex2\p161_ex2.csproj", "{B99DE3AB-0DE3-4F10-9E74-3CD9877E3145}"
EndProject
Project("{FAE04EC0-301F-11D3-BF4B-00C04F79EFBC}") = "p161_ex3", "p161_ex3\p161_ex3.csproj", "{CD93DC02-3CB9-4AFE-9335-CFEEF1986E88}"
EndProject
Project("{FAE04EC0-301F-11D3-BF4B-00C04F79EFBC}") = "p161_ex4", "p161_ex4\p161_ex4.csproj", "{2A13C343-E8ED-4AB8-A0E9-F9D5BB52B340}"
EndProject
Project("{FAE04EC0-301F-11D3-BF4B-00C04F79EFBC}") = "While", "While\While.csproj", "{B9F87CA1-4FF8-4440-9A51-0EB2C868A395}"
EndProject
Project("{FAE04EC0-301F-11D3-BF4B-00C04F79EFBC}") = "DoWhile", "DoWhile\DoWhile.csproj", "{6FEB0660-11A8-4F22-9C79-FA5FFE054A5E}"
EndProject
Project("{FAE04EC0-301F-11D3-BF4B-00C04F79EFBC}") = "For", "For\For.csproj", "{DB06A09F-9DE1-4C79-AA9D-D7A4CFCA5534}"
EndProject
Project("{FAE04EC0-301F-11D3-BF4B-00C04F79EFBC}") = "ForFor", "ForFor\ForFor.csproj", "{E3FDA3E2-73D9-4F4B-BF57-ECA580776E8B}"
EndProject
Project("{FAE04EC0-301F-11D3-BF4B-00C04F79EFBC}") = "ForEach", "ForEach\ForEach.csproj", "{43158F7D-FEF6-4D8E-B5E1-373934408474}"
EndProject
Project("{FAE04EC0-301F-11D3-BF4B-00C04F79EFBC}") = "Break", "Break\Break.csproj", "{DFCAD363-3843-4CBC-893E-CB9376C3CF0F}"
EndProject
Project("{FAE04EC0-301F-11D3-BF4B-00C04F79EFBC}") = "Continue", "Continue\Continue.csproj", "{B4CF90C9-26EC-4476-A113-A21A0B06DE16}"
EndProject
Project("{FAE04EC0-301F-11D3-BF4B-00C04F79EFBC}") = "ParkSeungBin_ex1", "ParkSeungBin_ex1\ParkSeungBin_ex1.csproj", "{994410A3-A0E1-44F6-BE78-9A80FAB67D57}"
EndProject
Project("{FAE04EC0-301F-11D3-BF4B-00C04F79EFBC}") = "ParkSeungBin_ex2", "ParkSeungBin_ex2\ParkSeungBin_ex2.csproj", "{78559379-B148-49C3-80A5-3DD4129EC408}"
EndProject
Project("{FAE04EC0-301F-11D3-BF4B-00C04F79EFBC}") = "ParkSeungBin_ex3", "ParkSeungBin_ex3\ParkSeungBin_ex3.csproj", "{286701AA-0385-4061-A6BA-1C5490CE32C6}"
EndProject
Project("{FAE04EC0-301F-11D3-BF4B-00C04F79EFBC}") = "Goto", "Goto\Goto.csproj", "{167ABA78-3569-4408-B182-2697BEC01B92}"
EndProject
Project("{FAE04EC0-301F-11D3-BF4B-00C04F79EFBC}") = "ConsoleApp1", "ConsoleApp1\ConsoleApp1.csproj", "{044D7590-2FE0-4DA1-95A0-C93B300447AE}"
EndProject
Global
	GlobalSection(SolutionConfigurationPlatforms) = preSolution
		Debug|Any CPU = Debug|Any CPU
		Release|Any CPU = Release|Any CPU
	EndGlobalSection
	GlobalSection(ProjectConfigurationPlatforms) = postSolution
		{49FDCBD3-14DA-46B0-B406-6677354922F3}.Debug|Any CPU.ActiveCfg = Debug|Any CPU
		{49FDCBD3-14DA-46B0-B406-6677354922F3}.Debug|Any CPU.Build.0 = Debug|Any CPU
		{49FDCBD3-14DA-46B0-B406-6677354922F3}.Release|Any CPU.ActiveCfg = Release|Any CPU
		{49FDCBD3-14DA-46B0-B406-6677354922F3}.Release|Any CPU.Build.0 = Release|Any CPU
		{9CC3D5FA-D1B4-4401-8B6D-BA24CC722F89}.Debug|Any CPU.ActiveCfg = Debug|Any CPU
		{9CC3D5FA-D1B4-4401-8B6D-BA24CC722F89}.Debug|Any CPU.Build.0 = Debug|Any CPU
		{9CC3D5FA-D1B4-4401-8B6D-BA24CC722F89}.Release|Any CPU.ActiveCfg = Release|Any CPU
		{9CC3D5FA-D1B4-4401-8B6D-BA24CC722F89}.Release|Any CPU.Build.0 = Release|Any CPU
		{30DEFA80-D7B7-4715-963B-038DA971DDFB}.Debug|Any CPU.ActiveCfg = Debug|Any CPU
		{30DEFA80-D7B7-4715-963B-038DA971DDFB}.Debug|Any CPU.Build.0 = Debug|Any CPU
		{30DEFA80-D7B7-4715-963B-038DA971DDFB}.Release|Any CPU.ActiveCfg = Release|Any CPU
		{30DEFA80-D7B7-4715-963B-038DA971DDFB}.Release|Any CPU.Build.0 = Release|Any CPU
		{63A46E56-D3C7-4F7F-9692-A36603ACCB64}.Debug|Any CPU.ActiveCfg = Debug|Any CPU
		{63A46E56-D3C7-4F7F-9692-A36603ACCB64}.Debug|Any CPU.Build.0 = Debug|Any CPU
		{63A46E56-D3C7-4F7F-9692-A36603ACCB64}.Release|Any CPU.ActiveCfg = Release|Any CPU
		{63A46E56-D3C7-4F7F-9692-A36603ACCB64}.Release|Any CPU.Build.0 = Release|Any CPU
		{7758DA35-D48C-4D2F-9062-169D340EB6A3}.Debug|Any CPU.ActiveCfg = Debug|Any CPU
		{7758DA35-D48C-4D2F-9062-169D340EB6A3}.Debug|Any CPU.Build.0 = Debug|Any CPU
		{7758DA35-D48C-4D2F-9062-169D340EB6A3}.Release|Any CPU.ActiveCfg = Release|Any CPU
		{7758DA35-D48C-4D2F-9062-169D340EB6A3}.Release|Any CPU.Build.0 = Release|Any CPU
		{1C3EF0F2-9A31-4996-94DC-6109545769AE}.Debug|Any CPU.ActiveCfg = Debug|Any CPU
		{1C3EF0F2-9A31-4996-94DC-6109545769AE}.Debug|Any CPU.Build.0 = Debug|Any CPU
		{1C3EF0F2-9A31-4996-94DC-6109545769AE}.Release|Any CPU.ActiveCfg = Release|Any CPU
		{1C3EF0F2-9A31-4996-94DC-6109545769AE}.Release|Any CPU.Build.0 = Release|Any CPU
		{9278A3BE-E4DD-433A-B4BD-B3F7DCC3A7E5}.Debug|Any CPU.ActiveCfg = Debug|Any CPU
		{9278A3BE-E4DD-433A-B4BD-B3F7DCC3A7E5}.Debug|Any CPU.Build.0 = Debug|Any CPU
		{9278A3BE-E4DD-433A-B4BD-B3F7DCC3A7E5}.Release|Any CPU.ActiveCfg = Release|Any CPU
		{9278A3BE-E4DD-433A-B4BD-B3F7DCC3A7E5}.Release|Any CPU.Build.0 = Release|Any CPU
		{A08B63A4-FC81-4357-BA38-CD78EC55240C}.Debug|Any CPU.ActiveCfg = Debug|Any CPU
		{A08B63A4-FC81-4357-BA38-CD78EC55240C}.Debug|Any CPU.Build.0 = Debug|Any CPU
		{A08B63A4-FC81-4357-BA38-CD78EC55240C}.Release|Any CPU.ActiveCfg = Release|Any CPU
		{A08B63A4-FC81-4357-BA38-CD78EC55240C}.Release|Any CPU.Build.0 = Release|Any CPU
		{FF60D529-E836-48CF-A176-E6A22D63FA4D}.Debug|Any CPU.ActiveCfg = Debug|Any CPU
		{FF60D529-E836-48CF-A176-E6A22D63FA4D}.Debug|Any CPU.Build.0 = Debug|Any CPU
		{FF60D529-E836-48CF-A176-E6A22D63FA4D}.Release|Any CPU.ActiveCfg = Release|Any CPU
		{FF60D529-E836-48CF-A176-E6A22D63FA4D}.Release|Any CPU.Build.0 = Release|Any CPU
		{B99DE3AB-0DE3-4F10-9E74-3CD9877E3145}.Debug|Any CPU.ActiveCfg = Debug|Any CPU
		{B99DE3AB-0DE3-4F10-9E74-3CD9877E3145}.Debug|Any CPU.Build.0 = Debug|Any CPU
		{B99DE3AB-0DE3-4F10-9E74-3CD9877E3145}.Release|Any CPU.ActiveCfg = Release|Any CPU
		{B99DE3AB-0DE3-4F10-9E74-3CD9877E3145}.Release|Any CPU.Build.0 = Release|Any CPU
		{CD93DC02-3CB9-4AFE-9335-CFEEF1986E88}.Debug|Any CPU.ActiveCfg = Debug|Any CPU
		{CD93DC02-3CB9-4AFE-9335-CFEEF1986E88}.Debug|Any CPU.Build.0 = Debug|Any CPU
		{CD93DC02-3CB9-4AFE-9335-CFEEF1986E88}.Release|Any CPU.ActiveCfg = Release|Any CPU
		{CD93DC02-3CB9-4AFE-9335-CFEEF1986E88}.Release|Any CPU.Build.0 = Release|Any CPU
		{2A13C343-E8ED-4AB8-A0E9-F9D5BB52B340}.Debug|Any CPU.ActiveCfg = Debug|Any CPU
		{2A13C343-E8ED-4AB8-A0E9-F9D5BB52B340}.Debug|Any CPU.Build.0 = Debug|Any CPU
		{2A13C343-E8ED-4AB8-A0E9-F9D5BB52B340}.Release|Any CPU.ActiveCfg = Release|Any CPU
		{2A13C343-E8ED-4AB8-A0E9-F9D5BB52B340}.Release|Any CPU.Build.0 = Release|Any CPU
		{B9F87CA1-4FF8-4440-9A51-0EB2C868A395}.Debug|Any CPU.ActiveCfg = Debug|Any CPU
		{B9F87CA1-4FF8-4440-9A51-0EB2C868A395}.Debug|Any CPU.Build.0 = Debug|Any CPU
		{B9F87CA1-4FF8-4440-9A51-0EB2C868A395}.Release|Any CPU.ActiveCfg = Release|Any CPU
		{B9F87CA1-4FF8-4440-9A51-0EB2C868A395}.Release|Any CPU.Build.0 = Release|Any CPU
		{6FEB0660-11A8-4F22-9C79-FA5FFE054A5E}.Debug|Any CPU.ActiveCfg = Debug|Any CPU
		{6FEB0660-11A8-4F22-9C79-FA5FFE054A5E}.Debug|Any CPU.Build.0 = Debug|Any CPU
		{6FEB0660-11A8-4F22-9C79-FA5FFE054A5E}.Release|Any CPU.ActiveCfg = Release|Any CPU
		{6FEB0660-11A8-4F22-9C79-FA5FFE054A5E}.Release|Any CPU.Build.0 = Release|Any CPU
		{DB06A09F-9DE1-4C79-AA9D-D7A4CFCA5534}.Debug|Any CPU.ActiveCfg = Debug|Any CPU
		{DB06A09F-9DE1-4C79-AA9D-D7A4CFCA5534}.Debug|Any CPU.Build.0 = Debug|Any CPU
		{DB06A09F-9DE1-4C79-AA9D-D7A4CFCA5534}.Release|Any CPU.ActiveCfg = Release|Any CPU
		{DB06A09F-9DE1-4C79-AA9D-D7A4CFCA5534}.Release|Any CPU.Build.0 = Release|Any CPU
		{E3FDA3E2-73D9-4F4B-BF57-ECA580776E8B}.Debug|Any CPU.ActiveCfg = Debug|Any CPU
		{E3FDA3E2-73D9-4F4B-BF57-ECA580776E8B}.Debug|Any CPU.Build.0 = Debug|Any CPU
		{E3FDA3E2-73D9-4F4B-BF57-ECA580776E8B}.Release|Any CPU.ActiveCfg = Release|Any CPU
		{E3FDA3E2-73D9-4F4B-BF57-ECA580776E8B}.Release|Any CPU.Build.0 = Release|Any CPU
		{43158F7D-FEF6-4D8E-B5E1-373934408474}.Debug|Any CPU.ActiveCfg = Debug|Any CPU
		{43158F7D-FEF6-4D8E-B5E1-373934408474}.Debug|Any CPU.Build.0 = Debug|Any CPU
		{43158F7D-FEF6-4D8E-B5E1-373934408474}.Release|Any CPU.ActiveCfg = Release|Any CPU
		{43158F7D-FEF6-4D8E-B5E1-373934408474}.Release|Any CPU.Build.0 = Release|Any CPU
		{DFCAD363-3843-4CBC-893E-CB9376C3CF0F}.Debug|Any CPU.ActiveCfg = Debug|Any CPU
		{DFCAD363-3843-4CBC-893E-CB9376C3CF0F}.Debug|Any CPU.Build.0 = Debug|Any CPU
		{DFCAD363-3843-4CBC-893E-CB9376C3CF0F}.Release|Any CPU.ActiveCfg = Release|Any CPU
		{DFCAD363-3843-4CBC-893E-CB9376C3CF0F}.Release|Any CPU.Build.0 = Release|Any CPU
		{B4CF90C9-26EC-4476-A113-A21A0B06DE16}.Debug|Any CPU.ActiveCfg = Debug|Any CPU
		{B4CF90C9-26EC-4476-A113-A21A0B06DE16}.Debug|Any CPU.Build.0 = Debug|Any CPU
		{B4CF90C9-26EC-4476-A113-A21A0B06DE16}.Release|Any CPU.ActiveCfg = Release|Any CPU
		{B4CF90C9-26EC-4476-A113-A21A0B06DE16}.Release|Any CPU.Build.0 = Release|Any CPU
		{994410A3-A0E1-44F6-BE78-9A80FAB67D57}.Debug|Any CPU.ActiveCfg = Debug|Any CPU
		{994410A3-A0E1-44F6-BE78-9A80FAB67D57}.Debug|Any CPU.Build.0 = Debug|Any CPU
		{994410A3-A0E1-44F6-BE78-9A80FAB67D57}.Release|Any CPU.ActiveCfg = Release|Any CPU
		{994410A3-A0E1-44F6-BE78-9A80FAB67D57}.Release|Any CPU.Build.0 = Release|Any CPU
		{78559379-B148-49C3-80A5-3DD4129EC408}.Debug|Any CPU.ActiveCfg = Debug|Any CPU
		{78559379-B148-49C3-80A5-3DD4129EC408}.Debug|Any CPU.Build.0 = Debug|Any CPU
		{78559379-B148-49C3-80A5-3DD4129EC408}.Release|Any CPU.ActiveCfg = Release|Any CPU
		{78559379-B148-49C3-80A5-3DD4129EC408}.Release|Any CPU.Build.0 = Release|Any CPU
		{286701AA-0385-4061-A6BA-1C5490CE32C6}.Debug|Any CPU.ActiveCfg = Debug|Any CPU
		{286701AA-0385-4061-A6BA-1C5490CE32C6}.Debug|Any CPU.Build.0 = Debug|Any CPU
		{286701AA-0385-4061-A6BA-1C5490CE32C6}.Release|Any CPU.ActiveCfg = Release|Any CPU
		{286701AA-0385-4061-A6BA-1C5490CE32C6}.Release|Any CPU.Build.0 = Release|Any CPU
		{167ABA78-3569-4408-B182-2697BEC01B92}.Debug|Any CPU.ActiveCfg = Debug|Any CPU
		{167ABA78-3569-4408-B182-2697BEC01B92}.Debug|Any CPU.Build.0 = Debug|Any CPU
		{167ABA78-3569-4408-B182-2697BEC01B92}.Release|Any CPU.ActiveCfg = Release|Any CPU
		{167ABA78-3569-4408-B182-2697BEC01B92}.Release|Any CPU.Build.0 = Release|Any CPU
		{044D7590-2FE0-4DA1-95A0-C93B300447AE}.Debug|Any CPU.ActiveCfg = Debug|Any CPU
		{044D7590-2FE0-4DA1-95A0-C93B300447AE}.Debug|Any CPU.Build.0 = Debug|Any CPU
		{044D7590-2FE0-4DA1-95A0-C93B300447AE}.Release|Any CPU.ActiveCfg = Release|Any CPU
		{044D7590-2FE0-4DA1-95A0-C93B300447AE}.Release|Any CPU.Build.0 = Release|Any CPU
	EndGlobalSection
	GlobalSection(SolutionProperties) = preSolution
		HideSolutionNode = FALSE
	EndGlobalSection
	GlobalSection(ExtensibilityGlobals) = postSolution
		SolutionGuid = {4B2BCF5B-7C97-49AC-8DF8-1173BA280132}
	EndGlobalSection
EndGlobal
