
Microsoft Visual Studio Solution File, Format Version 12.00
# Visual Studio Version 16
VisualStudioVersion = 16.0.33328.57
MinimumVisualStudioVersion = 10.0.40219.1
Project("{FAE04EC0-301F-11D3-BF4B-00C04F79EFBC}") = "IfElse", "IfElse\IfElse.csproj", "{49FDCBD3-14DA-46B0-B406-6677354922F3}"
EndProject
Global
	GlobalSection(SolutionConfigurationPlatforms) = preSolution
		Debug|Any CPU = Debug|Any CPU
		Release|Any CPU = Release|Any CPU
	EndGlobalSection
	GlobalSection(ProjectConfigurationPlatforms) = postSolution
		{49FDCBD3-14DA-46B0-B406-6677354922F3}.Debug|Any CPU.ActiveCfg = Debug|Any CPU
		{49FDCBD3-14DA-46B0-B406-6677354922F3}.Debug|Any CPU.Build.0 = Debug|Any CPU
		{49FDCBD3-14DA-46B0-B406-6677354922F3}.Release|Any CPU.ActiveCfg = Release|Any CPU
		{49FDCBD3-14DA-46B0-B406-6677354922F3}.Release|Any CPU.Build.0 = Release|Any CPU
	EndGlobalSection
	GlobalSection(SolutionProperties) = preSolution
		HideSolutionNode = FALSE
	EndGlobalSection
	GlobalSection(ExtensibilityGlobals) = postSolution
		SolutionGuid = {4B2BCF5B-7C97-49AC-8DF8-1173BA280132}
	EndGlobalSection
EndGlobal
